
Microsoft Visual Studio Solution File, Format Version 12.00
# Visual Studio Version 18
VisualStudioVersion = 18.4.11612.150 stable
MinimumVisualStudioVersion = 10.0.40219.1
Project("{FAE04EC0-301F-11D3-BF4B-00C04F79EFBC}") = "WinAuth", "WinAuth.csproj", "{44456FAA-A963-BFC9-B78F-9817C703BFE9}"
EndProject
Project("{FAE04EC0-301F-11D3-BF4B-00C04F79EFBC}") = "WardLock", "WardLock.csproj", "{D9782F79-813C-2EB3-284B-87E8811E9577}"
EndProject
Global
	GlobalSection(SolutionConfigurationPlatforms) = preSolution
		Debug|Any CPU = Debug|Any CPU
		Release|Any CPU = Release|Any CPU
	EndGlobalSection
	GlobalSection(ProjectConfigurationPlatforms) = postSolution
		{44456FAA-A963-BFC9-B78F-9817C703BFE9}.Debug|Any CPU.ActiveCfg = Debug|Any CPU
		{44456FAA-A963-BFC9-B78F-9817C703BFE9}.Debug|Any CPU.Build.0 = Debug|Any CPU
		{44456FAA-A963-BFC9-B78F-9817C703BFE9}.Release|Any CPU.ActiveCfg = Release|Any CPU
		{44456FAA-A963-BFC9-B78F-9817C703BFE9}.Release|Any CPU.Build.0 = Release|Any CPU
		{D9782F79-813C-2EB3-284B-87E8811E9577}.Debug|Any CPU.ActiveCfg = Debug|Any CPU
		{D9782F79-813C-2EB3-284B-87E8811E9577}.Debug|Any CPU.Build.0 = Debug|Any CPU
		{D9782F79-813C-2EB3-284B-87E8811E9577}.Release|Any CPU.ActiveCfg = Release|Any CPU
		{D9782F79-813C-2EB3-284B-87E8811E9577}.Release|Any CPU.Build.0 = Release|Any CPU
	EndGlobalSection
	GlobalSection(SolutionProperties) = preSolution
		HideSolutionNode = FALSE
	EndGlobalSection
	GlobalSection(ExtensibilityGlobals) = postSolution
		SolutionGuid = {B440B888-8971-4058-8E0A-47E2266D7264}
	EndGlobalSection
EndGlobal
